// !$*UTF8*$!
{
	archiveVersion = 1;
	classes = {
	};
	objectVersion = 46;
	objects = {

/* Begin PBXBuildFile section */
		4C26B03C1E36282500160BAB /* Game.swift in Sources */ = {isa = PBXBuildFile; fileRef = 4C26B03B1E36282500160BAB /* Game.swift */; };
		4CBE06F21E28F5AC00220D04 /* Player.swift in Sources */ = {isa = PBXBuildFile; fileRef = 4CBE06F11E28F5AC00220D04 /* Player.swift */; };
		4CBE06F41E28F5D700220D04 /* Board.swift in Sources */ = {isa = PBXBuildFile; fileRef = 4CBE06F31E28F5D700220D04 /* Board.swift */; };
		4CBE336B1E3785C400947613 /* HardBoardController.swift in Sources */ = {isa = PBXBuildFile; fileRef = 4CBE336A1E3785C400947613 /* HardBoardController.swift */; };
		4CF2F7CB1E27F51E00944628 /* AppDelegate.swift in Sources */ = {isa = PBXBuildFile; fileRef = 4CF2F7CA1E27F51E00944628 /* AppDelegate.swift */; };
		4CF2F7CD1E27F51E00944628 /* ViewController.swift in Sources */ = {isa = PBXBuildFile; fileRef = 4CF2F7CC1E27F51E00944628 /* ViewController.swift */; };
		4CF2F7D01E27F51E00944628 /* Main.storyboard in Resources */ = {isa = PBXBuildFile; fileRef = 4CF2F7CE1E27F51E00944628 /* Main.storyboard */; };
		4CF2F7D21E27F51E00944628 /* Assets.xcassets in Resources */ = {isa = PBXBuildFile; fileRef = 4CF2F7D11E27F51E00944628 /* Assets.xcassets */; };
		4CF2F7D51E27F51E00944628 /* LaunchScreen.storyboard in Resources */ = {isa = PBXBuildFile; fileRef = 4CF2F7D31E27F51E00944628 /* LaunchScreen.storyboard */; };
		4CF2F7E01E27F51E00944628 /* SimonTests.swift in Sources */ = {isa = PBXBuildFile; fileRef = 4CF2F7DF1E27F51E00944628 /* SimonTests.swift */; };
		4CF2F7ED1E27FF6800944628 /* BoardController.swift in Sources */ = {isa = PBXBuildFile; fileRef = 4CF2F7EC1E27FF6800944628 /* BoardController.swift */; };
/* End PBXBuildFile section */

/* Begin PBXContainerItemProxy section */
		4CF2F7DC1E27F51E00944628 /* PBXContainerItemProxy */ = {
			isa = PBXContainerItemProxy;
			containerPortal = 4CF2F7BF1E27F51E00944628 /* Project object */;
			proxyType = 1;
			remoteGlobalIDString = 4CF2F7C61E27F51E00944628;
			remoteInfo = Simon;
		};
/* End PBXContainerItemProxy section */

/* Begin PBXFileReference section */
		4C26B03B1E36282500160BAB /* Game.swift */ = {isa = PBXFileReference; fileEncoding = 4; lastKnownFileType = sourcecode.swift; path = Game.swift; sourceTree = "<group>"; };
		4CBE06F11E28F5AC00220D04 /* Player.swift */ = {isa = PBXFileReference; fileEncoding = 4; lastKnownFileType = sourcecode.swift; path = Player.swift; sourceTree = "<group>"; };
		4CBE06F31E28F5D700220D04 /* Board.swift */ = {isa = PBXFileReference; fileEncoding = 4; lastKnownFileType = sourcecode.swift; path = Board.swift; sourceTree = "<group>"; };
		4CBE336A1E3785C400947613 /* HardBoardController.swift */ = {isa = PBXFileReference; fileEncoding = 4; lastKnownFileType = sourcecode.swift; path = HardBoardController.swift; sourceTree = "<group>"; };
		4CF2F7C71E27F51E00944628 /* Niru.app */ = {isa = PBXFileReference; explicitFileType = wrapper.application; includeInIndex = 0; path = Niru.app; sourceTree = BUILT_PRODUCTS_DIR; };
		4CF2F7CA1E27F51E00944628 /* AppDelegate.swift */ = {isa = PBXFileReference; lastKnownFileType = sourcecode.swift; path = AppDelegate.swift; sourceTree = "<group>"; };
		4CF2F7CC1E27F51E00944628 /* ViewController.swift */ = {isa = PBXFileReference; lastKnownFileType = sourcecode.swift; path = ViewController.swift; sourceTree = "<group>"; };
		4CF2F7CF1E27F51E00944628 /* Base */ = {isa = PBXFileReference; lastKnownFileType = file.storyboard; name = Base; path = Base.lproj/Main.storyboard; sourceTree = "<group>"; };
		4CF2F7D11E27F51E00944628 /* Assets.xcassets */ = {isa = PBXFileReference; lastKnownFileType = folder.assetcatalog; path = Assets.xcassets; sourceTree = "<group>"; };
		4CF2F7D41E27F51E00944628 /* Base */ = {isa = PBXFileReference; lastKnownFileType = file.storyboard; name = Base; path = Base.lproj/LaunchScreen.storyboard; sourceTree = "<group>"; };
		4CF2F7D61E27F51E00944628 /* Info.plist */ = {isa = PBXFileReference; lastKnownFileType = text.plist.xml; path = Info.plist; sourceTree = "<group>"; };
		4CF2F7DB1E27F51E00944628 /* NiruTests.xctest */ = {isa = PBXFileReference; explicitFileType = wrapper.cfbundle; includeInIndex = 0; path = NiruTests.xctest; sourceTree = BUILT_PRODUCTS_DIR; };
		4CF2F7DF1E27F51E00944628 /* SimonTests.swift */ = {isa = PBXFileReference; lastKnownFileType = sourcecode.swift; path = SimonTests.swift; sourceTree = "<group>"; };
		4CF2F7E11E27F51E00944628 /* Info.plist */ = {isa = PBXFileReference; lastKnownFileType = text.plist.xml; path = Info.plist; sourceTree = "<group>"; };
		4CF2F7EC1E27FF6800944628 /* BoardController.swift */ = {isa = PBXFileReference; fileEncoding = 4; lastKnownFileType = sourcecode.swift; path = BoardController.swift; sourceTree = "<group>"; };
/* End PBXFileReference section */

/* Begin PBXFrameworksBuildPhase section */
		4CF2F7C41E27F51E00944628 /* Frameworks */ = {
			isa = PBXFrameworksBuildPhase;
			buildActionMask = 2147483647;
			files = (
			);
			runOnlyForDeploymentPostprocessing = 0;
		};
		4CF2F7D81E27F51E00944628 /* Frameworks */ = {
			isa = PBXFrameworksBuildPhase;
			buildActionMask = 2147483647;
			files = (
			);
			runOnlyForDeploymentPostprocessing = 0;
		};
/* End PBXFrameworksBuildPhase section */

/* Begin PBXGroup section */
		4CF2F7BE1E27F51E00944628 = {
			isa = PBXGroup;
			children = (
				4CF2F7C91E27F51E00944628 /* Niru */,
				4CF2F7DE1E27F51E00944628 /* SimonTests */,
				4CF2F7C81E27F51E00944628 /* Products */,
			);
			sourceTree = "<group>";
		};
		4CF2F7C81E27F51E00944628 /* Products */ = {
			isa = PBXGroup;
			children = (
				4CF2F7C71E27F51E00944628 /* Niru.app */,
				4CF2F7DB1E27F51E00944628 /* NiruTests.xctest */,
			);
			name = Products;
			sourceTree = "<group>";
		};
		4CF2F7C91E27F51E00944628 /* Niru */ = {
			isa = PBXGroup;
			children = (
				4C26B03B1E36282500160BAB /* Game.swift */,
				4CBE06F31E28F5D700220D04 /* Board.swift */,
				4CBE06F11E28F5AC00220D04 /* Player.swift */,
				4CF2F7CA1E27F51E00944628 /* AppDelegate.swift */,
				4CF2F7CC1E27F51E00944628 /* ViewController.swift */,
				4CF2F7EC1E27FF6800944628 /* BoardController.swift */,
				4CBE336A1E3785C400947613 /* HardBoardController.swift */,
				4CF2F7CE1E27F51E00944628 /* Main.storyboard */,
				4CF2F7D11E27F51E00944628 /* Assets.xcassets */,
				4CF2F7D31E27F51E00944628 /* LaunchScreen.storyboard */,
				4CF2F7D61E27F51E00944628 /* Info.plist */,
			);
			name = Niru;
			path = Simon;
			sourceTree = "<group>";
		};
		4CF2F7DE1E27F51E00944628 /* SimonTests */ = {
			isa = PBXGroup;
			children = (
				4CF2F7DF1E27F51E00944628 /* SimonTests.swift */,
				4CF2F7E11E27F51E00944628 /* Info.plist */,
			);
			path = SimonTests;
			sourceTree = "<group>";
		};
/* End PBXGroup section */

/* Begin PBXNativeTarget section */
		4CF2F7C61E27F51E00944628 /* Niru */ = {
			isa = PBXNativeTarget;
			buildConfigurationList = 4CF2F7E41E27F51E00944628 /* Build configuration list for PBXNativeTarget "Niru" */;
			buildPhases = (
				4CF2F7C31E27F51E00944628 /* Sources */,
				4CF2F7C41E27F51E00944628 /* Frameworks */,
				4CF2F7C51E27F51E00944628 /* Resources */,
			);
			buildRules = (
			);
			dependencies = (
			);
			name = Niru;
			productName = Simon;
			productReference = 4CF2F7C71E27F51E00944628 /* Niru.app */;
			productType = "com.apple.product-type.application";
		};
		4CF2F7DA1E27F51E00944628 /* NiruTests */ = {
			isa = PBXNativeTarget;
			buildConfigurationList = 4CF2F7E71E27F51E00944628 /* Build configuration list for PBXNativeTarget "NiruTests" */;
			buildPhases = (
				4CF2F7D71E27F51E00944628 /* Sources */,
				4CF2F7D81E27F51E00944628 /* Frameworks */,
				4CF2F7D91E27F51E00944628 /* Resources */,
			);
			buildRules = (
			);
			dependencies = (
				4CF2F7DD1E27F51E00944628 /* PBXTargetDependency */,
			);
			name = NiruTests;
			productName = SimonTests;
			productReference = 4CF2F7DB1E27F51E00944628 /* NiruTests.xctest */;
			productType = "com.apple.product-type.bundle.unit-test";
		};
/* End PBXNativeTarget section */

/* Begin PBXProject section */
		4CF2F7BF1E27F51E00944628 /* Project object */ = {
			isa = PBXProject;
			attributes = {
				LastSwiftUpdateCheck = 0820;
				LastUpgradeCheck = 0820;
				ORGANIZATIONNAME = "Johan Wejdenstolpe";
				TargetAttributes = {
					4CF2F7C61E27F51E00944628 = {
						CreatedOnToolsVersion = 8.2.1;
						DevelopmentTeam = T69772G8XN;
						ProvisioningStyle = Automatic;
					};
					4CF2F7DA1E27F51E00944628 = {
						CreatedOnToolsVersion = 8.2.1;
						ProvisioningStyle = Automatic;
						TestTargetID = 4CF2F7C61E27F51E00944628;
					};
				};
			};
			buildConfigurationList = 4CF2F7C21E27F51E00944628 /* Build configuration list for PBXProject "Niru" */;
			compatibilityVersion = "Xcode 3.2";
			developmentRegion = English;
			hasScannedForEncodings = 0;
			knownRegions = (
				en,
				Base,
			);
			mainGroup = 4CF2F7BE1E27F51E00944628;
			productRefGroup = 4CF2F7C81E27F51E00944628 /* Products */;
			projectDirPath = "";
			projectRoot = "";
			targets = (
				4CF2F7C61E27F51E00944628 /* Niru */,
				4CF2F7DA1E27F51E00944628 /* NiruTests */,
			);
		};
/* End PBXProject section */

/* Begin PBXResourcesBuildPhase section */
		4CF2F7C51E27F51E00944628 /* Resources */ = {
			isa = PBXResourcesBuildPhase;
			buildActionMask = 2147483647;
			files = (
				4CF2F7D51E27F51E00944628 /* LaunchScreen.storyboard in Resources */,
				4CF2F7D21E27F51E00944628 /* Assets.xcassets in Resources */,
				4CF2F7D01E27F51E00944628 /* Main.storyboard in Resources */,
			);
			runOnlyForDeploymentPostprocessing = 0;
		};
		4CF2F7D91E27F51E00944628 /* Resources */ = {
			isa = PBXResourcesBuildPhase;
			buildActionMask = 2147483647;
			files = (
			);
			runOnlyForDeploymentPostprocessing = 0;
		};
/* End PBXResourcesBuildPhase section */

/* Begin PBXSourcesBuildPhase section */
		4CF2F7C31E27F51E00944628 /* Sources */ = {
			isa = PBXSourcesBuildPhase;
			buildActionMask = 2147483647;
			files = (
				4CBE06F21E28F5AC00220D04 /* Player.swift in Sources */,
				4C26B03C1E36282500160BAB /* Game.swift in Sources */,
				4CBE336B1E3785C400947613 /* HardBoardController.swift in Sources */,
				4CF2F7CD1E27F51E00944628 /* ViewController.swift in Sources */,
				4CBE06F41E28F5D700220D04 /* Board.swift in Sources */,
				4CF2F7CB1E27F51E00944628 /* AppDelegate.swift in Sources */,
				4CF2F7ED1E27FF6800944628 /* BoardController.swift in Sources */,
			);
			runOnlyForDeploymentPostprocessing = 0;
		};
		4CF2F7D71E27F51E00944628 /* Sources */ = {
			isa = PBXSourcesBuildPhase;
			buildActionMask = 2147483647;
			files = (
				4CF2F7E01E27F51E00944628 /* SimonTests.swift in Sources */,
			);
			runOnlyForDeploymentPostprocessing = 0;
		};
/* End PBXSourcesBuildPhase section */

/* Begin PBXTargetDependency section */
		4CF2F7DD1E27F51E00944628 /* PBXTargetDependency */ = {
			isa = PBXTargetDependency;
			target = 4CF2F7C61E27F51E00944628 /* Niru */;
			targetProxy = 4CF2F7DC1E27F51E00944628 /* PBXContainerItemProxy */;
		};
/* End PBXTargetDependency section */

/* Begin PBXVariantGroup section */
		4CF2F7CE1E27F51E00944628 /* Main.storyboard */ = {
			isa = PBXVariantGroup;
			children = (
				4CF2F7CF1E27F51E00944628 /* Base */,
			);
			name = Main.storyboard;
			sourceTree = "<group>";
		};
		4CF2F7D31E27F51E00944628 /* LaunchScreen.storyboard */ = {
			isa = PBXVariantGroup;
			children = (
				4CF2F7D41E27F51E00944628 /* Base */,
			);
			name = LaunchScreen.storyboard;
			sourceTree = "<group>";
		};
/* End PBXVariantGroup section */

/* Begin XCBuildConfiguration section */
		4CF2F7E21E27F51E00944628 /* Debug */ = {
			isa = XCBuildConfiguration;
			buildSettings = {
				ALWAYS_SEARCH_USER_PATHS = NO;
				CLANG_ANALYZER_NONNULL = YES;
				CLANG_CXX_LANGUAGE_STANDARD = "gnu++0x";
				CLANG_CXX_LIBRARY = "libc++";
				CLANG_ENABLE_MODULES = YES;
				CLANG_ENABLE_OBJC_ARC = YES;
				CLANG_WARN_BOOL_CONVERSION = YES;
				CLANG_WARN_CONSTANT_CONVERSION = YES;
				CLANG_WARN_DIRECT_OBJC_ISA_USAGE = YES_ERROR;
				CLANG_WARN_DOCUMENTATION_COMMENTS = YES;
				CLANG_WARN_EMPTY_BODY = YES;
				CLANG_WARN_ENUM_CONVERSION = YES;
				CLANG_WARN_INFINITE_RECURSION = YES;
				CLANG_WARN_INT_CONVERSION = YES;
				CLANG_WARN_OBJC_ROOT_CLASS = YES_ERROR;
				CLANG_WARN_SUSPICIOUS_MOVE = YES;
				CLANG_WARN_UNREACHABLE_CODE = YES;
				CLANG_WARN__DUPLICATE_METHOD_MATCH = YES;
				"CODE_SIGN_IDENTITY[sdk=iphoneos*]" = "iPhone Developer";
				COPY_PHASE_STRIP = NO;
				DEBUG_INFORMATION_FORMAT = dwarf;
				ENABLE_STRICT_OBJC_MSGSEND = YES;
				ENABLE_TESTABILITY = YES;
				GCC_C_LANGUAGE_STANDARD = gnu99;
				GCC_DYNAMIC_NO_PIC = NO;
				GCC_NO_COMMON_BLOCKS = YES;
				GCC_OPTIMIZATION_LEVEL = 0;
				GCC_PREPROCESSOR_DEFINITIONS = (
					"DEBUG=1",
					"$(inherited)",
				);
				GCC_WARN_64_TO_32_BIT_CONVERSION = YES;
				GCC_WARN_ABOUT_RETURN_TYPE = YES_ERROR;
				GCC_WARN_UNDECLARED_SELECTOR = YES;
				GCC_WARN_UNINITIALIZED_AUTOS = YES_AGGRESSIVE;
				GCC_WARN_UNUSED_FUNCTION = YES;
				GCC_WARN_UNUSED_VARIABLE = YES;
				IPHONEOS_DEPLOYMENT_TARGET = 10.2;
				MTL_ENABLE_DEBUG_INFO = YES;
				ONLY_ACTIVE_ARCH = YES;
				SDKROOT = iphoneos;
				SWIFT_ACTIVE_COMPILATION_CONDITIONS = DEBUG;
				SWIFT_OPTIMIZATION_LEVEL = "-Onone";
				TARGETED_DEVICE_FAMILY = "1,2";
			};
			name = Debug;
		};
		4CF2F7E31E27F51E00944628 /* Release */ = {
			isa = XCBuildConfiguration;
			buildSettings = {
				ALWAYS_SEARCH_USER_PATHS = NO;
				CLANG_ANALYZER_NONNULL = YES;
				CLANG_CXX_LANGUAGE_STANDARD = "gnu++0x";
				CLANG_CXX_LIBRARY = "libc++";
				CLANG_ENABLE_MODULES = YES;
				CLANG_ENABLE_OBJC_ARC = YES;
				CLANG_WARN_BOOL_CONVERSION = YES;
				CLANG_WARN_CONSTANT_CONVERSION = YES;
				CLANG_WARN_DIRECT_OBJC_ISA_USAGE = YES_ERROR;
				CLANG_WARN_DOCUMENTATION_COMMENTS = YES;
				CLANG_WARN_EMPTY_BODY = YES;
				CLANG_WARN_ENUM_CONVERSION = YES;
				CLANG_WARN_INFINITE_RECURSION = YES;
				CLANG_WARN_INT_CONVERSION = YES;
				CLANG_WARN_OBJC_ROOT_CLASS = YES_ERROR;
				CLANG_WARN_SUSPICIOUS_MOVE = YES;
				CLANG_WARN_UNREACHABLE_CODE = YES;
				CLANG_WARN__DUPLICATE_METHOD_MATCH = YES;
				"CODE_SIGN_IDENTITY[sdk=iphoneos*]" = "iPhone Developer";
				COPY_PHASE_STRIP = NO;
				DEBUG_INFORMATION_FORMAT = "dwarf-with-dsym";
				ENABLE_NS_ASSERTIONS = NO;
				ENABLE_STRICT_OBJC_MSGSEND = YES;
				GCC_C_LANGUAGE_STANDARD = gnu99;
				GCC_NO_COMMON_BLOCKS = YES;
				GCC_WARN_64_TO_32_BIT_CONVERSION = YES;
				GCC_WARN_ABOUT_RETURN_TYPE = YES_ERROR;
				GCC_WARN_UNDECLARED_SELECTOR = YES;
				GCC_WARN_UNINITIALIZED_AUTOS = YES_AGGRESSIVE;
				GCC_WARN_UNUSED_FUNCTION = YES;
				GCC_WARN_UNUSED_VARIABLE = YES;
				IPHONEOS_DEPLOYMENT_TARGET = 10.2;
				MTL_ENABLE_DEBUG_INFO = NO;
				SDKROOT = iphoneos;
				SWIFT_OPTIMIZATION_LEVEL = "-Owholemodule";
				TARGETED_DEVICE_FAMILY = "1,2";
				VALIDATE_PRODUCT = YES;
			};
			name = Release;
		};
		4CF2F7E51E27F51E00944628 /* Debug */ = {
			isa = XCBuildConfiguration;
			buildSettings = {
				ASSETCATALOG_COMPILER_APPICON_NAME = AppIcon;
				DEVELOPMENT_TEAM = T69772G8XN;
				INFOPLIST_FILE = Simon/Info.plist;
				IPHONEOS_DEPLOYMENT_TARGET = 9.3;
				LD_RUNPATH_SEARCH_PATHS = "$(inherited) @executable_path/Frameworks";
				PRODUCT_BUNDLE_IDENTIFIER = jwe.Simon;
				PRODUCT_NAME = "$(TARGET_NAME)";
				SWIFT_VERSION = 3.0;
			};
			name = Debug;
		};
		4CF2F7E61E27F51E00944628 /* Release */ = {
			isa = XCBuildConfiguration;
			buildSettings = {
				ASSETCATALOG_COMPILER_APPICON_NAME = AppIcon;
				DEVELOPMENT_TEAM = T69772G8XN;
				INFOPLIST_FILE = Simon/Info.plist;
				IPHONEOS_DEPLOYMENT_TARGET = 9.3;
				LD_RUNPATH_SEARCH_PATHS = "$(inherited) @executable_path/Frameworks";
				PRODUCT_BUNDLE_IDENTIFIER = jwe.Simon;
				PRODUCT_NAME = "$(TARGET_NAME)";
				SWIFT_VERSION = 3.0;
			};
			name = Release;
		};
		4CF2F7E81E27F51E00944628 /* Debug */ = {
			isa = XCBuildConfiguration;
			buildSettings = {
				ALWAYS_EMBED_SWIFT_STANDARD_LIBRARIES = YES;
				BUNDLE_LOADER = "$(TEST_HOST)";
				INFOPLIST_FILE = SimonTests/Info.plist;
				LD_RUNPATH_SEARCH_PATHS = "$(inherited) @executable_path/Frameworks @loader_path/Frameworks";
				PRODUCT_BUNDLE_IDENTIFIER = jwe.SimonTests;
				PRODUCT_NAME = "$(TARGET_NAME)";
				SWIFT_VERSION = 3.0;
				TEST_HOST = "$(BUILT_PRODUCTS_DIR)/Niru.app/Niru";
			};
			name = Debug;
		};
		4CF2F7E91E27F51E00944628 /* Release */ = {
			isa = XCBuildConfiguration;
			buildSettings = {
				ALWAYS_EMBED_SWIFT_STANDARD_LIBRARIES = YES;
				BUNDLE_LOADER = "$(TEST_HOST)";
				INFOPLIST_FILE = SimonTests/Info.plist;
				LD_RUNPATH_SEARCH_PATHS = "$(inherited) @executable_path/Frameworks @loader_path/Frameworks";
				PRODUCT_BUNDLE_IDENTIFIER = jwe.SimonTests;
				PRODUCT_NAME = "$(TARGET_NAME)";
				SWIFT_VERSION = 3.0;
				TEST_HOST = "$(BUILT_PRODUCTS_DIR)/Niru.app/Niru";
			};
			name = Release;
		};
/* End XCBuildConfiguration section */

/* Begin XCConfigurationList section */
		4CF2F7C21E27F51E00944628 /* Build configuration list for PBXProject "Niru" */ = {
			isa = XCConfigurationList;
			buildConfigurations = (
				4CF2F7E21E27F51E00944628 /* Debug */,
				4CF2F7E31E27F51E00944628 /* Release */,
			);
			defaultConfigurationIsVisible = 0;
			defaultConfigurationName = Release;
		};
		4CF2F7E41E27F51E00944628 /* Build configuration list for PBXNativeTarget "Niru" */ = {
			isa = XCConfigurationList;
			buildConfigurations = (
				4CF2F7E51E27F51E00944628 /* Debug */,
				4CF2F7E61E27F51E00944628 /* Release */,
			);
			defaultConfigurationIsVisible = 0;
			defaultConfigurationName = Release;
		};
		4CF2F7E71E27F51E00944628 /* Build configuration list for PBXNativeTarget "NiruTests" */ = {
			isa = XCConfigurationList;
			buildConfigurations = (
				4CF2F7E81E27F51E00944628 /* Debug */,
				4CF2F7E91E27F51E00944628 /* Release */,
			);
			defaultConfigurationIsVisible = 0;
			defaultConfigurationName = Release;
		};
/* End XCConfigurationList section */
	};
	rootObject = 4CF2F7BF1E27F51E00944628 /* Project object */;
}
